
Microsoft Visual Studio Solution File, Format Version 12.00
# Visual Studio Version 16
VisualStudioVersion = 16.0.29728.190
MinimumVisualStudioVersion = 10.0.40219.1
Project("{FAE04EC0-301F-11D3-BF4B-00C04F79EFBC}") = "Blog", "Blog.csproj", "{BC5530F1-B930-4F33-A53B-29D169DF6DF7}"
EndProject
Global
	GlobalSection(SolutionConfigurationPlatforms) = preSolution
		Debug|Any CPU = Debug|Any CPU
		Release|Any CPU = Release|Any CPU
	EndGlobalSection
	GlobalSection(ProjectConfigurationPlatforms) = postSolution
		{BC5530F1-B930-4F33-A53B-29D169DF6DF7}.Debug|Any CPU.ActiveCfg = Debug|Any CPU
		{BC5530F1-B930-4F33-A53B-29D169DF6DF7}.Debug|Any CPU.Build.0 = Debug|Any CPU
		{BC5530F1-B930-4F33-A53B-29D169DF6DF7}.Release|Any CPU.ActiveCfg = Release|Any CPU
		{BC5530F1-B930-4F33-A53B-29D169DF6DF7}.Release|Any CPU.Build.0 = Release|Any CPU
	EndGlobalSection
	GlobalSection(SolutionProperties) = preSolution
		HideSolutionNode = FALSE
	EndGlobalSection
	GlobalSection(ExtensibilityGlobals) = postSolution
		SolutionGuid = {CFA0FFB5-08C0-44A1-BE68-04D9B5A63DA7}
	EndGlobalSection
EndGlobal
